{
  "nodes": {
    "base16": {
      "inputs": {
        "fromYaml": "fromYaml"
      },
      "locked": {
        "lastModified": 1691878844,
        "narHash": "sha256-NCV0asC77UARa5/TCJY9ksFvf7VndCSaap/aTEcDxBw=",
        "owner": "SenchoPens",
        "repo": "base16.nix",
        "rev": "def69d6edc32792562975aec863dbef757f832cf",
        "type": "github"
      },
      "original": {
        "owner": "SenchoPens",
        "repo": "base16.nix",
        "type": "github"
      }
    },
    "crane": {
      "inputs": {
        "flake-compat": "flake-compat",
        "flake-utils": [
          "helix",
          "flake-utils"
        ],
        "nixpkgs": [
          "helix",
          "nixpkgs"
        ],
        "rust-overlay": [
          "helix",
          "rust-overlay"
        ]
      },
      "locked": {
        "lastModified": 1688772518,
        "narHash": "sha256-ol7gZxwvgLnxNSZwFTDJJ49xVY5teaSvF7lzlo3YQfM=",
        "owner": "ipetkov",
        "repo": "crane",
        "rev": "8b08e96c9af8c6e3a2b69af5a7fa168750fcf88e",
        "type": "github"
      },
      "original": {
        "owner": "ipetkov",
        "repo": "crane",
        "type": "github"
      }
    },
    "disko": {
      "inputs": {
        "nixpkgs": [
          "nixpkgs"
        ]
      },
      "locked": {
        "lastModified": 1694395354,
        "narHash": "sha256-fzm/+caf+yPLb/Wivbydbhg5GlTo4f1rMOLbH7G9c9k=",
        "owner": "nix-community",
        "repo": "disko",
        "rev": "b54e2dc988b34fbad1a1180fe68b573a9d080df5",
        "type": "github"
      },
      "original": {
        "owner": "nix-community",
        "repo": "disko",
        "type": "github"
      }
    },
    "flake-compat": {
      "flake": false,
      "locked": {
        "lastModified": 1673956053,
        "narHash": "sha256-4gtG9iQuiKITOjNQQeQIpoIB6b16fm+504Ch3sNKLd8=",
        "owner": "edolstra",
        "repo": "flake-compat",
        "rev": "35bb57c0c8d8b62bbfd284272c928ceb64ddbde9",
        "type": "github"
      },
      "original": {
        "owner": "edolstra",
        "repo": "flake-compat",
        "type": "github"
      }
    },
    "flake-utils": {
      "inputs": {
        "systems": "systems"
      },
      "locked": {
        "lastModified": 1689068808,
        "narHash": "sha256-6ixXo3wt24N/melDWjq70UuHQLxGV8jZvooRanIHXw0=",
        "owner": "numtide",
        "repo": "flake-utils",
        "rev": "919d646de7be200f3bf08cb76ae1f09402b6f9b4",
        "type": "github"
      },
      "original": {
        "owner": "numtide",
        "repo": "flake-utils",
        "type": "github"
      }
    },
    "fromYaml": {
      "flake": false,
      "locked": {
        "lastModified": 1689549921,
        "narHash": "sha256-iX0pk/uB019TdBGlaJEWvBCfydT6sRq+eDcGPifVsCM=",
        "owner": "SenchoPens",
        "repo": "fromYaml",
        "rev": "11fbbbfb32e3289d3c631e0134a23854e7865c84",
        "type": "github"
      },
      "original": {
        "owner": "SenchoPens",
        "repo": "fromYaml",
        "type": "github"
      }
    },
    "helix": {
      "inputs": {
        "crane": "crane",
        "flake-utils": "flake-utils",
        "nixpkgs": [
          "nixpkgs"
        ],
        "rust-overlay": "rust-overlay"
      },
      "locked": {
        "lastModified": 1694405758,
        "narHash": "sha256-4P3i6QLnBjjXAOyxK6RZN5KL+tyafUBYXpYP5gd/YtQ=",
        "owner": "helix-editor",
        "repo": "helix",
        "rev": "ef23847957463b95a68599efb12a32837d73727b",
        "type": "github"
      },
      "original": {
        "owner": "helix-editor",
        "repo": "helix",
        "type": "github"
      }
    },
    "impermanence": {
      "locked": {
        "lastModified": 1690797372,
        "narHash": "sha256-GImz19e33SeVcIvBB7NnhbJSbTpFFmNtWLh7Z85Y188=",
        "owner": "nix-community",
        "repo": "impermanence",
        "rev": "e3a7acd113903269a1b5c8b527e84ce7ee859851",
        "type": "github"
      },
      "original": {
        "owner": "nix-community",
        "repo": "impermanence",
        "type": "github"
      }
    },
    "joshuto": {
      "flake": false,
      "locked": {
        "lastModified": 1694111947,
        "narHash": "sha256-88f6wEksPA/7nBV/XH62U4h5LxSWgJlckvJlqXb25SA=",
        "owner": "kamiyaa",
        "repo": "joshuto",
        "rev": "541105fcdfa7bbac437669159c153b54a3fb65bd",
        "type": "github"
      },
      "original": {
        "owner": "kamiyaa",
        "repo": "joshuto",
        "type": "github"
      }
    },
    "naersk": {
      "inputs": {
        "nixpkgs": [
          "nixpkgs"
        ]
      },
      "locked": {
        "lastModified": 1694081375,
        "narHash": "sha256-vzJXOUnmkMCm3xw8yfPP5m8kypQ3BhAIRe4RRCWpzy8=",
        "owner": "nix-community",
        "repo": "naersk",
        "rev": "3f976d822b7b37fc6fb8e6f157c2dd05e7e94e89",
        "type": "github"
      },
      "original": {
        "owner": "nix-community",
        "ref": "master",
        "repo": "naersk",
        "type": "github"
      }
    },
    "nix-index-database": {
      "inputs": {
        "nixpkgs": "nixpkgs"
      },
      "locked": {
        "lastModified": 1694430658,
        "narHash": "sha256-8+OZ98kD63e/GaOiJimXHR/VYiTYwr25jTYGEHHOfq4=",
        "owner": "Mic92",
        "repo": "nix-index-database",
        "rev": "9a5c4996d0918a151269600dfdf6ad3b3748f6a4",
        "type": "github"
      },
      "original": {
        "owner": "Mic92",
        "repo": "nix-index-database",
        "type": "github"
      }
    },
    "nixpkgs": {
      "locked": {
        "lastModified": 1694183432,
        "narHash": "sha256-YyPGNapgZNNj51ylQMw9lAgvxtM2ai1HZVUu3GS8Fng=",
        "owner": "nixos",
        "repo": "nixpkgs",
        "rev": "db9208ab987cdeeedf78ad9b4cf3c55f5ebd269b",
        "type": "github"
      },
      "original": {
        "owner": "nixos",
        "ref": "nixos-unstable",
        "repo": "nixpkgs",
        "type": "github"
      }
    },
    "nixpkgs-stable": {
      "locked": {
        "lastModified": 1688392541,
        "narHash": "sha256-lHrKvEkCPTUO+7tPfjIcb7Trk6k31rz18vkyqmkeJfY=",
        "owner": "nixos",
        "repo": "nixpkgs",
        "rev": "ea4c80b39be4c09702b0cb3b42eab59e2ba4f24b",
        "type": "github"
      },
      "original": {
        "owner": "nixos",
        "ref": "release-22.11",
        "repo": "nixpkgs",
        "type": "github"
      }
    },
    "nixpkgs_2": {
      "locked": {
        "lastModified": 1694183432,
        "narHash": "sha256-YyPGNapgZNNj51ylQMw9lAgvxtM2ai1HZVUu3GS8Fng=",
        "owner": "nixos",
        "repo": "nixpkgs",
        "rev": "db9208ab987cdeeedf78ad9b4cf3c55f5ebd269b",
        "type": "github"
      },
      "original": {
        "owner": "nixos",
        "ref": "nixos-unstable",
        "repo": "nixpkgs",
        "type": "github"
      }
    },
    "nur": {
      "locked": {
        "lastModified": 1694429386,
        "narHash": "sha256-7dzeykr+LUaIdfI+gMnL06eqiHb4gek+qPCQ+OB4ADM=",
        "owner": "nix-community",
        "repo": "NUR",
        "rev": "ce651345b0c8f5dd23c449d17debb49b488beea0",
        "type": "github"
      },
      "original": {
        "owner": "nix-community",
        "repo": "NUR",
        "type": "github"
      }
    },
    "picom-ibhagwan": {
      "flake": false,
      "locked": {
        "lastModified": 1635984309,
        "narHash": "sha256-1hVFBGo4Ieke2T9PqMur1w4D0bz/L3FAvfujY9Zergw=",
        "owner": "ibhagwan",
        "repo": "picom",
        "rev": "c4107bb6cc17773fdc6c48bb2e475ef957513c7a",
        "type": "github"
      },
      "original": {
        "owner": "ibhagwan",
        "repo": "picom",
        "type": "github"
      }
    },
    "root": {
      "inputs": {
        "base16": "base16",
        "disko": "disko",
        "helix": "helix",
        "impermanence": "impermanence",
        "joshuto": "joshuto",
        "naersk": "naersk",
        "nix-index-database": "nix-index-database",
        "nixpkgs": "nixpkgs_2",
        "nixpkgs-stable": "nixpkgs-stable",
        "nur": "nur",
        "picom-ibhagwan": "picom-ibhagwan",
        "yt-dlp": "yt-dlp",
        "zsh-pure-prompt": "zsh-pure-prompt",
        "zsh-vi-mode": "zsh-vi-mode"
      }
    },
    "rust-overlay": {
      "inputs": {
        "flake-utils": [
          "helix",
          "flake-utils"
        ],
        "nixpkgs": [
          "helix",
          "nixpkgs"
        ]
      },
      "locked": {
        "lastModified": 1690424156,
        "narHash": "sha256-Bpml+L280tHTQpwpC5/BJbU4HSvEzMvW8IZ4gAXimhE=",
        "owner": "oxalica",
        "repo": "rust-overlay",
        "rev": "f335a0213504c7e6481c359dc1009be9cf34432c",
        "type": "github"
      },
      "original": {
        "owner": "oxalica",
        "repo": "rust-overlay",
        "type": "github"
      }
    },
    "systems": {
      "locked": {
        "lastModified": 1681028828,
        "narHash": "sha256-Vy1rq5AaRuLzOxct8nz4T6wlgyUR7zLU309k9mBC768=",
        "owner": "nix-systems",
        "repo": "default",
        "rev": "da67096a3b9bf56a91d16901293e51ba5b49a27e",
        "type": "github"
      },
      "original": {
        "owner": "nix-systems",
        "repo": "default",
        "type": "github"
      }
    },
    "yt-dlp": {
      "flake": false,
      "locked": {
        "lastModified": 1694272489,
        "narHash": "sha256-K5/Cv7YYjyTw0rxgaxcKMFNX3ERNfjxGEUCpScuhje4=",
        "owner": "yt-dlp",
        "repo": "yt-dlp",
        "rev": "a006ce2b27357c15792eb5c18f06765e640b801c",
        "type": "github"
      },
      "original": {
        "owner": "yt-dlp",
        "repo": "yt-dlp",
        "type": "github"
      }
    },
    "zsh-pure-prompt": {
      "flake": false,
      "locked": {
        "lastModified": 1687718525,
        "narHash": "sha256-TR4CyBZ+KoZRs9XDmWE5lJuUXXU1J8E2Z63nt+FS+5w=",
        "owner": "sindresorhus",
        "repo": "pure",
        "rev": "87e6f5dd4c793f6d980532205aaefe196780606f",
        "type": "github"
      },
      "original": {
        "owner": "sindresorhus",
        "repo": "pure",
        "type": "github"
      }
    },
    "zsh-vi-mode": {
      "flake": false,
      "locked": {
        "lastModified": 1690367287,
        "narHash": "sha256-ylkZ4oVRxBJbk6tJ6UxkDjS+5eCr7efezuTrz8OZm+4=",
        "owner": "jeffreytse",
        "repo": "zsh-vi-mode",
        "rev": "1f28e1886dc8e49f41b817634d5c7695b6abb145",
        "type": "github"
      },
      "original": {
        "owner": "jeffreytse",
        "repo": "zsh-vi-mode",
        "type": "github"
      }
    }
  },
  "root": "root",
  "version": 7
}
