{
  "nodes": {
    "base16": {
      "inputs": {
        "nixpkgs": [
          "nixpkgs"
        ]
      },
      "locked": {
        "lastModified": 1658847131,
        "narHash": "sha256-X6Mml7cT0YR3WCD5fkUhpRVV5ZPcwdcDsND8r8xMqTE=",
        "owner": "SenchoPens",
        "repo": "base16.nix",
        "rev": "6b404cda2e04ca3cf5ca7b877af9c469e1386acb",
        "type": "github"
      },
      "original": {
        "owner": "SenchoPens",
        "repo": "base16.nix",
        "type": "github"
      }
    },
    "crane": {
      "flake": false,
      "locked": {
        "lastModified": 1661875961,
        "narHash": "sha256-f1h/2c6Teeu1ofAHWzrS8TwBPcnN+EEu+z1sRVmMQTk=",
        "owner": "ipetkov",
        "repo": "crane",
        "rev": "d9f394e4e20e97c2a60c3ad82c2b6ef99be19e24",
        "type": "github"
      },
      "original": {
        "owner": "ipetkov",
        "repo": "crane",
        "type": "github"
      }
    },
    "devshell": {
      "flake": false,
      "locked": {
        "lastModified": 1660811669,
        "narHash": "sha256-V6lmsaLNFz41myppL0yxglta92ijkSvpZ+XVygAh+bU=",
        "owner": "numtide",
        "repo": "devshell",
        "rev": "c2feacb46ee69949124c835419861143c4016fb5",
        "type": "github"
      },
      "original": {
        "owner": "numtide",
        "repo": "devshell",
        "type": "github"
      }
    },
    "dream2nix": {
      "inputs": {
        "alejandra": [
          "helix",
          "nci",
          "nixpkgs"
        ],
        "crane": "crane",
        "devshell": [
          "helix",
          "nci",
          "devshell"
        ],
        "flake-utils-pre-commit": [
          "helix",
          "nci",
          "nixpkgs"
        ],
        "gomod2nix": [
          "helix",
          "nci",
          "nixpkgs"
        ],
        "mach-nix": [
          "helix",
          "nci",
          "nixpkgs"
        ],
        "nixpkgs": [
          "helix",
          "nci",
          "nixpkgs"
        ],
        "poetry2nix": [
          "helix",
          "nci",
          "nixpkgs"
        ],
        "pre-commit-hooks": [
          "helix",
          "nci",
          "nixpkgs"
        ]
      },
      "locked": {
        "lastModified": 1662176993,
        "narHash": "sha256-Sy7DsGAveDUFBb6YDsUSYZd/AcXfP/MOMIwMt/NgY84=",
        "owner": "nix-community",
        "repo": "dream2nix",
        "rev": "809bc5940214744eb29778a9a0b03f161979c1b2",
        "type": "github"
      },
      "original": {
        "owner": "nix-community",
        "repo": "dream2nix",
        "type": "github"
      }
    },
    "flake-utils": {
      "locked": {
        "lastModified": 1656928814,
        "narHash": "sha256-RIFfgBuKz6Hp89yRr7+NR5tzIAbn52h8vT6vXkYjZoM=",
        "owner": "numtide",
        "repo": "flake-utils",
        "rev": "7e2a3b3dfd9af950a856d66b0a7d01e3c18aa249",
        "type": "github"
      },
      "original": {
        "owner": "numtide",
        "repo": "flake-utils",
        "type": "github"
      }
    },
    "flake-utils_2": {
      "locked": {
        "lastModified": 1644229661,
        "narHash": "sha256-1YdnJAsNy69bpcjuoKdOYQX0YxZBiCYZo4Twxerqv7k=",
        "owner": "numtide",
        "repo": "flake-utils",
        "rev": "3cecb5b042f7f209c56ffd8371b2711a290ec797",
        "type": "github"
      },
      "original": {
        "owner": "numtide",
        "repo": "flake-utils",
        "type": "github"
      }
    },
    "helix": {
      "inputs": {
        "nci": "nci",
        "nixpkgs": [
          "nixpkgs"
        ],
        "rust-overlay": "rust-overlay"
      },
      "locked": {
        "lastModified": 1665437234,
        "narHash": "sha256-zDOp1JHRB7UZHhfuvzwgpMkKUXBKpem5pWcUBEAKzaw=",
        "owner": "helix-editor",
        "repo": "helix",
        "rev": "9f36468b15c740d17a5755801986e01e7fb841ce",
        "type": "github"
      },
      "original": {
        "owner": "helix-editor",
        "repo": "helix",
        "type": "github"
      }
    },
    "home-manager": {
      "inputs": {
        "nixpkgs": [
          "nixpkgs"
        ],
        "utils": "utils"
      },
      "locked": {
        "lastModified": 1665271265,
        "narHash": "sha256-4Nn0T5YoR3bBLFnPy6Tkc8zzmzMTBjSGZq05c5hKhEI=",
        "owner": "nix-community",
        "repo": "home-manager",
        "rev": "e1f1160284198a68ea8c7fffbbb1436f99e46ef9",
        "type": "github"
      },
      "original": {
        "owner": "nix-community",
        "ref": "master",
        "repo": "home-manager",
        "type": "github"
      }
    },
    "impermanence": {
      "locked": {
        "lastModified": 1661933071,
        "narHash": "sha256-RFgfzldpbCvS+H2qwH+EvNejvqs+NhPVD5j1I7HQQPY=",
        "owner": "nix-community",
        "repo": "impermanence",
        "rev": "def994adbdfc28974e87b0e4c949e776207d5557",
        "type": "github"
      },
      "original": {
        "owner": "nix-community",
        "repo": "impermanence",
        "type": "github"
      }
    },
    "naersk": {
      "inputs": {
        "nixpkgs": [
          "nixpkgs"
        ]
      },
      "locked": {
        "lastModified": 1662220400,
        "narHash": "sha256-9o2OGQqu4xyLZP9K6kNe1pTHnyPz0Wr3raGYnr9AIgY=",
        "owner": "nix-community",
        "repo": "naersk",
        "rev": "6944160c19cb591eb85bbf9b2f2768a935623ed3",
        "type": "github"
      },
      "original": {
        "owner": "nix-community",
        "ref": "master",
        "repo": "naersk",
        "type": "github"
      }
    },
    "nci": {
      "inputs": {
        "devshell": "devshell",
        "dream2nix": "dream2nix",
        "nixpkgs": [
          "helix",
          "nixpkgs"
        ],
        "rust-overlay": [
          "helix",
          "rust-overlay"
        ]
      },
      "locked": {
        "lastModified": 1662177071,
        "narHash": "sha256-x6XF//RdZlw81tFAYM1TkjY+iQIpyMCWZ46r9o4wVQY=",
        "owner": "yusdacra",
        "repo": "nix-cargo-integration",
        "rev": "65270dea87bb82fc02102a15221677eea237680e",
        "type": "github"
      },
      "original": {
        "owner": "yusdacra",
        "repo": "nix-cargo-integration",
        "type": "github"
      }
    },
    "nixpkgs": {
      "locked": {
        "lastModified": 1665259268,
        "narHash": "sha256-ONFhHBLv5nZKhwV/F2GOH16197PbvpyWhoO0AOyktkU=",
        "owner": "nixos",
        "repo": "nixpkgs",
        "rev": "c5924154f000e6306030300592f4282949b2db6c",
        "type": "github"
      },
      "original": {
        "owner": "nixos",
        "ref": "nixos-unstable",
        "repo": "nixpkgs",
        "type": "github"
      }
    },
    "nixpkgs-stable": {
      "locked": {
        "lastModified": 1665132027,
        "narHash": "sha256-zoHPqSQSENt96zTk6Mt1AP+dMNqQDshXKQ4I6MfjP80=",
        "owner": "nixos",
        "repo": "nixpkgs",
        "rev": "9ecc270f02b09b2f6a76b98488554dd842797357",
        "type": "github"
      },
      "original": {
        "owner": "nixos",
        "ref": "nixos-22.05",
        "repo": "nixpkgs",
        "type": "github"
      }
    },
    "nur": {
      "locked": {
        "lastModified": 1665425663,
        "narHash": "sha256-y6N+lzIHSYFMouxH2ol8I3h4CTrOsdAcg9xUcmspQDs=",
        "owner": "nix-community",
        "repo": "NUR",
        "rev": "011ca62baf4826f5907a1e40eb8c2dd3d42e4333",
        "type": "github"
      },
      "original": {
        "owner": "nix-community",
        "repo": "NUR",
        "type": "github"
      }
    },
    "picom-ibhagwan": {
      "flake": false,
      "locked": {
        "lastModified": 1635984309,
        "narHash": "sha256-1hVFBGo4Ieke2T9PqMur1w4D0bz/L3FAvfujY9Zergw=",
        "owner": "ibhagwan",
        "repo": "picom",
        "rev": "c4107bb6cc17773fdc6c48bb2e475ef957513c7a",
        "type": "github"
      },
      "original": {
        "owner": "ibhagwan",
        "repo": "picom",
        "type": "github"
      }
    },
    "root": {
      "inputs": {
        "base16": "base16",
        "helix": "helix",
        "home-manager": "home-manager",
        "impermanence": "impermanence",
        "naersk": "naersk",
        "nixpkgs": "nixpkgs",
        "nixpkgs-stable": "nixpkgs-stable",
        "nur": "nur",
        "picom-ibhagwan": "picom-ibhagwan",
        "utils": "utils_2",
        "zsh-pure-prompt": "zsh-pure-prompt",
        "zsh-vi-mode": "zsh-vi-mode"
      }
    },
    "rust-overlay": {
      "inputs": {
        "flake-utils": "flake-utils",
        "nixpkgs": [
          "helix",
          "nixpkgs"
        ]
      },
      "locked": {
        "lastModified": 1662087605,
        "narHash": "sha256-Gpf2gp2JenKGf+TylX/YJpttY2bzsnvAMLdLaxoZRyU=",
        "owner": "oxalica",
        "repo": "rust-overlay",
        "rev": "60c2cfaa8b90ed8cebd18b214fac8682dcf222dd",
        "type": "github"
      },
      "original": {
        "owner": "oxalica",
        "repo": "rust-overlay",
        "type": "github"
      }
    },
    "utils": {
      "locked": {
        "lastModified": 1659877975,
        "narHash": "sha256-zllb8aq3YO3h8B/U0/J1WBgAL8EX5yWf5pMj3G0NAmc=",
        "owner": "numtide",
        "repo": "flake-utils",
        "rev": "c0e246b9b83f637f4681389ecabcb2681b4f3af0",
        "type": "github"
      },
      "original": {
        "owner": "numtide",
        "repo": "flake-utils",
        "type": "github"
      }
    },
    "utils_2": {
      "inputs": {
        "flake-utils": "flake-utils_2"
      },
      "locked": {
        "lastModified": 1657226504,
        "narHash": "sha256-GIYNjuq4mJlFgqKsZ+YrgzWm0IpA4axA3MCrdKYj7gs=",
        "owner": "gytis-ivaskevicius",
        "repo": "flake-utils-plus",
        "rev": "2bf0f91643c2e5ae38c1b26893ac2927ac9bd82a",
        "type": "github"
      },
      "original": {
        "owner": "gytis-ivaskevicius",
        "repo": "flake-utils-plus",
        "type": "github"
      }
    },
    "zsh-pure-prompt": {
      "flake": false,
      "locked": {
        "lastModified": 1662952498,
        "narHash": "sha256-e1D+9EejlVZxOyErg6eRgawth5gAhv6KpgjhK06ErZc=",
        "owner": "sindresorhus",
        "repo": "pure",
        "rev": "47c0c881f0e7cfdb5eaccd335f52ad17b897c060",
        "type": "github"
      },
      "original": {
        "owner": "sindresorhus",
        "repo": "pure",
        "type": "github"
      }
    },
    "zsh-vi-mode": {
      "flake": false,
      "locked": {
        "lastModified": 1663820279,
        "narHash": "sha256-KQ7UKudrpqUwI6gMluDTVN0qKpB15PI5P1YHHCBIlpg=",
        "owner": "jeffreytse",
        "repo": "zsh-vi-mode",
        "rev": "0b1381bd2b23b966881e2bca426216a47f7f3403",
        "type": "github"
      },
      "original": {
        "owner": "jeffreytse",
        "repo": "zsh-vi-mode",
        "type": "github"
      }
    }
  },
  "root": "root",
  "version": 7
}
